// !$*UTF8*$!
{
	archiveVersion = 1;
	classes = {
	};
	objectVersion = 46;
	objects = {

/* Begin PBXBuildFile section */
		247861EA159B787D004CBCC9 /* AppDelegate.m in Sources */ = {isa = PBXBuildFile; fileRef = 247861E7159B787D004CBCC9 /* AppDelegate.m */; };
		247861EB159B787D004CBCC9 /* ViewController.m in Sources */ = {isa = PBXBuildFile; fileRef = 247861E9159B787D004CBCC9 /* ViewController.m */; };
		247861EE159B788F004CBCC9 /* ViewController.xib in Resources */ = {isa = PBXBuildFile; fileRef = 247861EC159B788F004CBCC9 /* ViewController.xib */; };
		247861F4159B78BD004CBCC9 /* InfoPlist.strings in Resources */ = {isa = PBXBuildFile; fileRef = 247861EF159B78BD004CBCC9 /* InfoPlist.strings */; };
		247861F5159B78BD004CBCC9 /* main.m in Sources */ = {isa = PBXBuildFile; fileRef = 247861F1159B78BD004CBCC9 /* main.m */; };
		24DD4698163DCE8D00540574 /* CoreLocation.framework in Frameworks */ = {isa = PBXBuildFile; fileRef = 24DD4697163DCE8D00540574 /* CoreLocation.framework */; };
		24F1770D156F81D5008CB4D1 /* UIKit.framework in Frameworks */ = {isa = PBXBuildFile; fileRef = 24F1770C156F81D5008CB4D1 /* UIKit.framework */; };
		24F1770F156F81D5008CB4D1 /* Foundation.framework in Frameworks */ = {isa = PBXBuildFile; fileRef = 24F1770E156F81D5008CB4D1 /* Foundation.framework */; };
		24F17711156F81D5008CB4D1 /* CoreGraphics.framework in Frameworks */ = {isa = PBXBuildFile; fileRef = 24F17710156F81D5008CB4D1 /* CoreGraphics.framework */; };
		24F1772A156F8257008CB4D1 /* StoreKit.framework in Frameworks */ = {isa = PBXBuildFile; fileRef = 24F17729156F8257008CB4D1 /* StoreKit.framework */; };
		EEC255101603DD6C00E29C35 /* AdSupport.framework in Frameworks */ = {isa = PBXBuildFile; fileRef = EEC2550F1603DD6C00E29C35 /* AdSupport.framework */; };
		EEC255161603DDAA00E29C35 /* AmazonAd.framework in Frameworks */ = {isa = PBXBuildFile; fileRef = EEC255151603DDAA00E29C35 /* AmazonAd.framework */; };
/* End PBXBuildFile section */

/* Begin PBXFileReference section */
		247861E6159B787D004CBCC9 /* AppDelegate.h */ = {isa = PBXFileReference; fileEncoding = 4; lastKnownFileType = sourcecode.c.h; name = AppDelegate.h; path = SimpleAdSample/AppDelegate.h; sourceTree = SOURCE_ROOT; };
		247861E7159B787D004CBCC9 /* AppDelegate.m */ = {isa = PBXFileReference; fileEncoding = 4; lastKnownFileType = sourcecode.c.objc; name = AppDelegate.m; path = SimpleAdSample/AppDelegate.m; sourceTree = SOURCE_ROOT; };
		247861E8159B787D004CBCC9 /* ViewController.h */ = {isa = PBXFileReference; fileEncoding = 4; lastKnownFileType = sourcecode.c.h; name = ViewController.h; path = SimpleAdSample/ViewController.h; sourceTree = SOURCE_ROOT; };
		247861E9159B787D004CBCC9 /* ViewController.m */ = {isa = PBXFileReference; fileEncoding = 4; lastKnownFileType = sourcecode.c.objc; name = ViewController.m; path = SimpleAdSample/ViewController.m; sourceTree = SOURCE_ROOT; };
		247861ED159B788F004CBCC9 /* en */ = {isa = PBXFileReference; lastKnownFileType = file.xib; name = en; path = SimpleAdSample/en.lproj/ViewController.xib; sourceTree = SOURCE_ROOT; };
		247861F0159B78BD004CBCC9 /* en */ = {isa = PBXFileReference; lastKnownFileType = text.plist.strings; name = en; path = SimpleAdSample/en.lproj/InfoPlist.strings; sourceTree = SOURCE_ROOT; };
		247861F1159B78BD004CBCC9 /* main.m */ = {isa = PBXFileReference; fileEncoding = 4; lastKnownFileType = sourcecode.c.objc; name = main.m; path = SimpleAdSample/main.m; sourceTree = SOURCE_ROOT; };
		247861F2159B78BD004CBCC9 /* SimpleAdSample-Info.plist */ = {isa = PBXFileReference; fileEncoding = 4; lastKnownFileType = text.plist.xml; name = "SimpleAdSample-Info.plist"; path = "SimpleAdSample/SimpleAdSample-Info.plist"; sourceTree = SOURCE_ROOT; };
		247861F3159B78BD004CBCC9 /* SimpleAdSample-Prefix.pch */ = {isa = PBXFileReference; fileEncoding = 4; lastKnownFileType = sourcecode.c.h; name = "SimpleAdSample-Prefix.pch"; path = "SimpleAdSample/SimpleAdSample-Prefix.pch"; sourceTree = SOURCE_ROOT; };
		24DD4697163DCE8D00540574 /* CoreLocation.framework */ = {isa = PBXFileReference; lastKnownFileType = wrapper.framework; name = CoreLocation.framework; path = System/Library/Frameworks/CoreLocation.framework; sourceTree = SDKROOT; };
		24F17708156F81D5008CB4D1 /* SimpleAdSample.app */ = {isa = PBXFileReference; explicitFileType = wrapper.application; includeInIndex = 0; path = SimpleAdSample.app; sourceTree = BUILT_PRODUCTS_DIR; };
		24F1770C156F81D5008CB4D1 /* UIKit.framework */ = {isa = PBXFileReference; lastKnownFileType = wrapper.framework; name = UIKit.framework; path = System/Library/Frameworks/UIKit.framework; sourceTree = SDKROOT; };
		24F1770E156F81D5008CB4D1 /* Foundation.framework */ = {isa = PBXFileReference; lastKnownFileType = wrapper.framework; name = Foundation.framework; path = System/Library/Frameworks/Foundation.framework; sourceTree = SDKROOT; };
		24F17710156F81D5008CB4D1 /* CoreGraphics.framework */ = {isa = PBXFileReference; lastKnownFileType = wrapper.framework; name = CoreGraphics.framework; path = System/Library/Frameworks/CoreGraphics.framework; sourceTree = SDKROOT; };
		24F17729156F8257008CB4D1 /* StoreKit.framework */ = {isa = PBXFileReference; lastKnownFileType = wrapper.framework; name = StoreKit.framework; path = System/Library/Frameworks/StoreKit.framework; sourceTree = SDKROOT; };
		EEC2550F1603DD6C00E29C35 /* AdSupport.framework */ = {isa = PBXFileReference; lastKnownFileType = wrapper.framework; name = AdSupport.framework; path = System/Library/Frameworks/AdSupport.framework; sourceTree = SDKROOT; };
		EEC255151603DDAA00E29C35 /* AmazonAd.framework */ = {isa = PBXFileReference; lastKnownFileType = wrapper.framework; name = AmazonAd.framework; path = ../AmazonAd/AmazonAd.framework; sourceTree = "<group>"; };
/* End PBXFileReference section */

/* Begin PBXFrameworksBuildPhase section */
		24F17705156F81D5008CB4D1 /* Frameworks */ = {
			isa = PBXFrameworksBuildPhase;
			buildActionMask = 2147483647;
			files = (
				24DD4698163DCE8D00540574 /* CoreLocation.framework in Frameworks */,
				EEC255161603DDAA00E29C35 /* AmazonAd.framework in Frameworks */,
				EEC255101603DD6C00E29C35 /* AdSupport.framework in Frameworks */,
				24F1772A156F8257008CB4D1 /* StoreKit.framework in Frameworks */,
				24F1770D156F81D5008CB4D1 /* UIKit.framework in Frameworks */,
				24F1770F156F81D5008CB4D1 /* Foundation.framework in Frameworks */,
				24F17711156F81D5008CB4D1 /* CoreGraphics.framework in Frameworks */,
			);
			runOnlyForDeploymentPostprocessing = 0;
		};
/* End PBXFrameworksBuildPhase section */

/* Begin PBXGroup section */
		24F176FD156F81D5008CB4D1 = {
			isa = PBXGroup;
			children = (
				24F17712156F81D5008CB4D1 /* SimpleAdSample */,
				24F1770B156F81D5008CB4D1 /* Frameworks */,
				24F17709156F81D5008CB4D1 /* Products */,
			);
			sourceTree = "<group>";
		};
		24F17709156F81D5008CB4D1 /* Products */ = {
			isa = PBXGroup;
			children = (
				24F17708156F81D5008CB4D1 /* SimpleAdSample.app */,
			);
			name = Products;
			sourceTree = "<group>";
		};
		24F1770B156F81D5008CB4D1 /* Frameworks */ = {
			isa = PBXGroup;
			children = (
				24DD4697163DCE8D00540574 /* CoreLocation.framework */,
				EEC255151603DDAA00E29C35 /* AmazonAd.framework */,
				EEC2550F1603DD6C00E29C35 /* AdSupport.framework */,
				24F17729156F8257008CB4D1 /* StoreKit.framework */,
				24F1770C156F81D5008CB4D1 /* UIKit.framework */,
				24F1770E156F81D5008CB4D1 /* Foundation.framework */,
				24F17710156F81D5008CB4D1 /* CoreGraphics.framework */,
			);
			name = Frameworks;
			sourceTree = "<group>";
		};
		24F17712156F81D5008CB4D1 /* SimpleAdSample */ = {
			isa = PBXGroup;
			children = (
				247861EC159B788F004CBCC9 /* ViewController.xib */,
				247861E6159B787D004CBCC9 /* AppDelegate.h */,
				247861E7159B787D004CBCC9 /* AppDelegate.m */,
				247861E8159B787D004CBCC9 /* ViewController.h */,
				247861E9159B787D004CBCC9 /* ViewController.m */,
				24F17713156F81D5008CB4D1 /* Supporting Files */,
			);
			name = SimpleAdSample;
			path = AmazonMobileAdsIOSExampleApp;
			sourceTree = "<group>";
		};
		24F17713156F81D5008CB4D1 /* Supporting Files */ = {
			isa = PBXGroup;
			children = (
				247861EF159B78BD004CBCC9 /* InfoPlist.strings */,
				247861F1159B78BD004CBCC9 /* main.m */,
				247861F2159B78BD004CBCC9 /* SimpleAdSample-Info.plist */,
				247861F3159B78BD004CBCC9 /* SimpleAdSample-Prefix.pch */,
			);
			name = "Supporting Files";
			sourceTree = "<group>";
		};
/* End PBXGroup section */

/* Begin PBXNativeTarget section */
		24F17707156F81D5008CB4D1 /* SimpleAdSample */ = {
			isa = PBXNativeTarget;
			buildConfigurationList = 24F17726156F81D5008CB4D1 /* Build configuration list for PBXNativeTarget "SimpleAdSample" */;
			buildPhases = (
				24F17704156F81D5008CB4D1 /* Sources */,
				24F17705156F81D5008CB4D1 /* Frameworks */,
				24F17706156F81D5008CB4D1 /* Resources */,
			);
			buildRules = (
			);
			dependencies = (
			);
			name = SimpleAdSample;
			productName = AmazonMobileAdsIOSExampleApp;
			productReference = 24F17708156F81D5008CB4D1 /* SimpleAdSample.app */;
			productType = "com.apple.product-type.application";
		};
/* End PBXNativeTarget section */

/* Begin PBXProject section */
		24F176FF156F81D5008CB4D1 /* Project object */ = {
			isa = PBXProject;
			attributes = {
				LastUpgradeCheck = 0430;
			};
			buildConfigurationList = 24F17702156F81D5008CB4D1 /* Build configuration list for PBXProject "SimpleAdSample" */;
			compatibilityVersion = "Xcode 3.2";
			developmentRegion = English;
			hasScannedForEncodings = 0;
			knownRegions = (
				en,
			);
			mainGroup = 24F176FD156F81D5008CB4D1;
			productRefGroup = 24F17709156F81D5008CB4D1 /* Products */;
			projectDirPath = "";
			projectRoot = "";
			targets = (
				24F17707156F81D5008CB4D1 /* SimpleAdSample */,
			);
		};
/* End PBXProject section */

/* Begin PBXResourcesBuildPhase section */
		24F17706156F81D5008CB4D1 /* Resources */ = {
			isa = PBXResourcesBuildPhase;
			buildActionMask = 2147483647;
			files = (
				247861EE159B788F004CBCC9 /* ViewController.xib in Resources */,
				247861F4159B78BD004CBCC9 /* InfoPlist.strings in Resources */,
			);
			runOnlyForDeploymentPostprocessing = 0;
		};
/* End PBXResourcesBuildPhase section */

/* Begin PBXSourcesBuildPhase section */
		24F17704156F81D5008CB4D1 /* Sources */ = {
			isa = PBXSourcesBuildPhase;
			buildActionMask = 2147483647;
			files = (
				247861EA159B787D004CBCC9 /* AppDelegate.m in Sources */,
				247861EB159B787D004CBCC9 /* ViewController.m in Sources */,
				247861F5159B78BD004CBCC9 /* main.m in Sources */,
			);
			runOnlyForDeploymentPostprocessing = 0;
		};
/* End PBXSourcesBuildPhase section */

/* Begin PBXVariantGroup section */
		247861EC159B788F004CBCC9 /* ViewController.xib */ = {
			isa = PBXVariantGroup;
			children = (
				247861ED159B788F004CBCC9 /* en */,
			);
			name = ViewController.xib;
			sourceTree = "<group>";
		};
		247861EF159B78BD004CBCC9 /* InfoPlist.strings */ = {
			isa = PBXVariantGroup;
			children = (
				247861F0159B78BD004CBCC9 /* en */,
			);
			name = InfoPlist.strings;
			sourceTree = "<group>";
		};
/* End PBXVariantGroup section */

/* Begin XCBuildConfiguration section */
		24F17724156F81D5008CB4D1 /* Debug */ = {
			isa = XCBuildConfiguration;
			buildSettings = {
				ALWAYS_SEARCH_USER_PATHS = NO;
				ARCHS = "$(ARCHS_STANDARD_32_BIT)";
				CODE_SIGN_IDENTITY = "iPhone Developer";
				"CODE_SIGN_IDENTITY[sdk=iphoneos*]" = "iPhone Developer";
				COPY_PHASE_STRIP = NO;
				GCC_C_LANGUAGE_STANDARD = gnu99;
				GCC_DYNAMIC_NO_PIC = NO;
				GCC_OPTIMIZATION_LEVEL = 0;
				GCC_PREPROCESSOR_DEFINITIONS = (
					"DEBUG=1",
					"$(inherited)",
				);
				GCC_SYMBOLS_PRIVATE_EXTERN = NO;
				GCC_VERSION = com.apple.compilers.llvm.clang.1_0;
				GCC_WARN_ABOUT_RETURN_TYPE = YES;
				GCC_WARN_UNINITIALIZED_AUTOS = YES;
				GCC_WARN_UNUSED_VARIABLE = YES;
				IPHONEOS_DEPLOYMENT_TARGET = 4.3;
				PROVISIONING_PROFILE = "";
				SDKROOT = iphoneos;
			};
			name = Debug;
		};
		24F17725156F81D5008CB4D1 /* Release */ = {
			isa = XCBuildConfiguration;
			buildSettings = {
				ALWAYS_SEARCH_USER_PATHS = NO;
				ARCHS = "$(ARCHS_STANDARD_32_BIT)";
				CODE_SIGN_IDENTITY = "iPhone Developer";
				"CODE_SIGN_IDENTITY[sdk=iphoneos*]" = "iPhone Developer";
				COPY_PHASE_STRIP = YES;
				GCC_C_LANGUAGE_STANDARD = gnu99;
				GCC_VERSION = com.apple.compilers.llvm.clang.1_0;
				GCC_WARN_ABOUT_RETURN_TYPE = YES;
				GCC_WARN_UNINITIALIZED_AUTOS = YES;
				GCC_WARN_UNUSED_VARIABLE = YES;
				IPHONEOS_DEPLOYMENT_TARGET = 4.3;
				OTHER_CFLAGS = "-DNS_BLOCK_ASSERTIONS=1";
				PROVISIONING_PROFILE = "";
				SDKROOT = iphoneos;
				VALIDATE_PRODUCT = YES;
			};
			name = Release;
		};
		24F17727156F81D5008CB4D1 /* Debug */ = {
			isa = XCBuildConfiguration;
			buildSettings = {
				FRAMEWORK_SEARCH_PATHS = (
					"$(inherited)",
					"\"$(SRCROOT)/../AmazonAd\"",
				);
				GCC_PRECOMPILE_PREFIX_HEADER = YES;
				GCC_PREFIX_HEADER = "SimpleAdSample/SimpleAdSample-Prefix.pch";
				INFOPLIST_FILE = "SimpleAdSample/SimpleAdSample-Info.plist";
				IPHONEOS_DEPLOYMENT_TARGET = 4.3;
				PRODUCT_NAME = SimpleAdSample;
				WRAPPER_EXTENSION = app;
			};
			name = Debug;
		};
		24F17728156F81D5008CB4D1 /* Release */ = {
			isa = XCBuildConfiguration;
			buildSettings = {
				FRAMEWORK_SEARCH_PATHS = (
					"$(inherited)",
					"\"$(SRCROOT)/../AmazonAd\"",
				);
				GCC_PRECOMPILE_PREFIX_HEADER = YES;
				GCC_PREFIX_HEADER = "SimpleAdSample/SimpleAdSample-Prefix.pch";
				INFOPLIST_FILE = "SimpleAdSample/SimpleAdSample-Info.plist";
				IPHONEOS_DEPLOYMENT_TARGET = 4.3;
				PRODUCT_NAME = SimpleAdSample;
				WRAPPER_EXTENSION = app;
			};
			name = Release;
		};
/* End XCBuildConfiguration section */

/* Begin XCConfigurationList section */
		24F17702156F81D5008CB4D1 /* Build configuration list for PBXProject "SimpleAdSample" */ = {
			isa = XCConfigurationList;
			buildConfigurations = (
				24F17724156F81D5008CB4D1 /* Debug */,
				24F17725156F81D5008CB4D1 /* Release */,
			);
			defaultConfigurationIsVisible = 0;
			defaultConfigurationName = Release;
		};
		24F17726156F81D5008CB4D1 /* Build configuration list for PBXNativeTarget "SimpleAdSample" */ = {
			isa = XCConfigurationList;
			buildConfigurations = (
				24F17727156F81D5008CB4D1 /* Debug */,
				24F17728156F81D5008CB4D1 /* Release */,
			);
			defaultConfigurationIsVisible = 0;
			defaultConfigurationName = Release;
		};
/* End XCConfigurationList section */
	};
	rootObject = 24F176FF156F81D5008CB4D1 /* Project object */;
}
